<?xml version="1.0" encoding="utf-8"?>
<Project ToolsVersion="4.0" xmlns="http://schemas.microsoft.com/developer/msbuild/2003">
  <ItemGroup>
    <ClInclude Include="imgui\imconfig.h" />
    <ClInclude Include="imgui\imgui.h" />
    <ClInclude Include="imgui\imgui_freetype.h" />
    <ClInclude Include="imgui\imgui_impl_dx9.h" />
    <ClInclude Include="imgui\imgui_impl_win32.h" />
    <ClInclude Include="imgui\imgui_internal.h" />
    <ClInclude Include="imgui\imstb_rectpack.h" />
    <ClInclude Include="imgui\imstb_textedit.h" />
    <ClInclude Include="imgui\imstb_truetype.h" />
    <ClInclude Include="freetype\include\freetype\config\ftconfig.h" />
    <ClInclude Include="freetype\include\freetype\config\ftheader.h" />
    <ClInclude Include="freetype\include\freetype\config\ftmodule.h" />
    <ClInclude Include="freetype\include\freetype\config\ftoption.h" />
    <ClInclude Include="freetype\include\freetype\config\ftstdlib.h" />
    <ClInclude Include="freetype\include\freetype\internal\services\svbdf.h" />
    <ClInclude Include="freetype\include\freetype\internal\services\svcfftl.h" />
    <ClInclude Include="freetype\include\freetype\internal\services\svcid.h" />
    <ClInclude Include="freetype\include\freetype\internal\services\svfntfmt.h" />
    <ClInclude Include="freetype\include\freetype\internal\services\svgldict.h" />
    <ClInclude Include="freetype\include\freetype\internal\services\svgxval.h" />
    <ClInclude Include="freetype\include\freetype\internal\services\svkern.h" />
    <ClInclude Include="freetype\include\freetype\internal\services\svmetric.h" />
    <ClInclude Include="freetype\include\freetype\internal\services\svmm.h" />
    <ClInclude Include="freetype\include\freetype\internal\services\svotval.h" />
    <ClInclude Include="freetype\include\freetype\internal\services\svpfr.h" />
    <ClInclude Include="freetype\include\freetype\internal\services\svpostnm.h" />
    <ClInclude Include="freetype\include\freetype\internal\services\svprop.h" />
    <ClInclude Include="freetype\include\freetype\internal\services\svpscmap.h" />
    <ClInclude Include="freetype\include\freetype\internal\services\svpsinfo.h" />
    <ClInclude Include="freetype\include\freetype\internal\services\svsfnt.h" />
    <ClInclude Include="freetype\include\freetype\internal\services\svttcmap.h" />
    <ClInclude Include="freetype\include\freetype\internal\services\svtteng.h" />
    <ClInclude Include="freetype\include\freetype\internal\services\svttglyf.h" />
    <ClInclude Include="freetype\include\freetype\internal\services\svwinfnt.h" />
    <ClInclude Include="freetype\include\freetype\internal\autohint.h" />
    <ClInclude Include="freetype\include\freetype\internal\cffotypes.h" />
    <ClInclude Include="freetype\include\freetype\internal\cfftypes.h" />
    <ClInclude Include="freetype\include\freetype\internal\ftcalc.h" />
    <ClInclude Include="freetype\include\freetype\internal\ftdebug.h" />
    <ClInclude Include="freetype\include\freetype\internal\ftdrv.h" />
    <ClInclude Include="freetype\include\freetype\internal\ftgloadr.h" />
    <ClInclude Include="freetype\include\freetype\internal\fthash.h" />
    <ClInclude Include="freetype\include\freetype\internal\ftmemory.h" />
    <ClInclude Include="freetype\include\freetype\internal\ftobjs.h" />
    <ClInclude Include="freetype\include\freetype\internal\ftpic.h" />
    <ClInclude Include="freetype\include\freetype\internal\ftpsprop.h" />
    <ClInclude Include="freetype\include\freetype\internal\ftrfork.h" />
    <ClInclude Include="freetype\include\freetype\internal\ftserv.h" />
    <ClInclude Include="freetype\include\freetype\internal\ftstream.h" />
    <ClInclude Include="freetype\include\freetype\internal\fttrace.h" />
    <ClInclude Include="freetype\include\freetype\internal\ftvalid.h" />
    <ClInclude Include="freetype\include\freetype\internal\internal.h" />
    <ClInclude Include="freetype\include\freetype\internal\psaux.h" />
    <ClInclude Include="freetype\include\freetype\internal\pshints.h" />
    <ClInclude Include="freetype\include\freetype\internal\sfnt.h" />
    <ClInclude Include="freetype\include\freetype\internal\t1types.h" />
    <ClInclude Include="freetype\include\freetype\internal\tttypes.h" />
    <ClInclude Include="freetype\include\freetype\freetype.h" />
    <ClInclude Include="freetype\include\freetype\ftadvanc.h" />
    <ClInclude Include="freetype\include\freetype\ftbbox.h" />
    <ClInclude Include="freetype\include\freetype\ftbdf.h" />
    <ClInclude Include="freetype\include\freetype\ftbitmap.h" />
    <ClInclude Include="freetype\include\freetype\ftbzip2.h" />
    <ClInclude Include="freetype\include\freetype\ftcache.h" />
    <ClInclude Include="freetype\include\freetype\ftchapters.h" />
    <ClInclude Include="freetype\include\freetype\ftcid.h" />
    <ClInclude Include="freetype\include\freetype\ftdriver.h" />
    <ClInclude Include="freetype\include\freetype\fterrdef.h" />
    <ClInclude Include="freetype\include\freetype\fterrors.h" />
    <ClInclude Include="freetype\include\freetype\ftfntfmt.h" />
    <ClInclude Include="freetype\include\freetype\ftgasp.h" />
    <ClInclude Include="freetype\include\freetype\ftglyph.h" />
    <ClInclude Include="freetype\include\freetype\ftgxval.h" />
    <ClInclude Include="freetype\include\freetype\ftgzip.h" />
    <ClInclude Include="freetype\include\freetype\ftimage.h" />
    <ClInclude Include="freetype\include\freetype\ftincrem.h" />
    <ClInclude Include="freetype\include\freetype\ftlcdfil.h" />
    <ClInclude Include="freetype\include\freetype\ftlist.h" />
    <ClInclude Include="freetype\include\freetype\ftlzw.h" />
    <ClInclude Include="freetype\include\freetype\ftmac.h" />
    <ClInclude Include="freetype\include\freetype\ftmm.h" />
    <ClInclude Include="freetype\include\freetype\ftmodapi.h" />
    <ClInclude Include="freetype\include\freetype\ftmoderr.h" />
    <ClInclude Include="freetype\include\freetype\ftotval.h" />
    <ClInclude Include="freetype\include\freetype\ftoutln.h" />
    <ClInclude Include="freetype\include\freetype\ftparams.h" />
    <ClInclude Include="freetype\include\freetype\ftpfr.h" />
    <ClInclude Include="freetype\include\freetype\ftrender.h" />
    <ClInclude Include="freetype\include\freetype\ftsizes.h" />
    <ClInclude Include="freetype\include\freetype\ftsnames.h" />
    <ClInclude Include="freetype\include\freetype\ftstroke.h" />
    <ClInclude Include="freetype\include\freetype\ftsynth.h" />
    <ClInclude Include="freetype\include\freetype\ftsystem.h" />
    <ClInclude Include="freetype\include\freetype\fttrigon.h" />
    <ClInclude Include="freetype\include\freetype\fttypes.h" />
    <ClInclude Include="freetype\include\freetype\ftwinfnt.h" />
    <ClInclude Include="freetype\include\freetype\t1tables.h" />
    <ClInclude Include="freetype\include\freetype\ttnameid.h" />
    <ClInclude Include="freetype\include\freetype\tttables.h" />
    <ClInclude Include="freetype\include\freetype\tttags.h" />
    <ClInclude Include="freetype\include\ft2build.h" />
    <ClInclude Include="blur\blur.hpp" />
    <ClInclude Include="blur\blur_x.hpp" />
    <ClInclude Include="blur\blur_y.hpp" />
    <ClInclude Include="menu.hpp" />
  </ItemGroup>
  <ItemGroup>
    <ClCompile Include="imgui\imgui.cpp" />
    <ClCompile Include="imgui\imgui_demo.cpp" />
    <ClCompile Include="imgui\imgui_draw.cpp" />
    <ClCompile Include="imgui\imgui_freetype.cpp" />
    <ClCompile Include="imgui\imgui_impl_dx9.cpp" />
    <ClCompile Include="imgui\imgui_impl_win32.cpp" />
    <ClCompile Include="imgui\imgui_tables.cpp" />
    <ClCompile Include="imgui\imgui_widgets.cpp" />
    <ClCompile Include="entrypoint.cpp" />
    <ClCompile Include="blur\blur.cpp" />
    <ClCompile Include="menu.cpp" />
  </ItemGroup>
  <ItemGroup>
    <Library Include="freetype\library\freetype.lib" />
  </ItemGroup>
</Project>